# This file is automatically @generated by Cargo.
# It is not intended for manual editing.
version = 4

[[package]]
name = "syom"
version = "0.6.0"

[[package]]
name = "syom-lab-quality"
version = "0.0.0"
dependencies = [
 "syom",
 "syom-lab-score",
]

[[package]]
name = "syom-lab-score"
version = "0.0.0"
dependencies = [
 "syom",
]
